
Microsoft Visual Studio Solution File, Format Version 12.00
# Visual Studio Version 17
VisualStudioVersion = 17.3.32929.385
MinimumVisualStudioVersion = 10.0.40219.1
Project("{9A19103F-16F7-4668-BE54-9A1E7A4F7556}") = "TestMenu", "TestMenu\TestMenu.csproj", "{DD766CB4-196A-4C2F-9FEE-88E92B2BE514}"
EndProject
Project("{2150E333-8FDC-42A3-9474-1A3956D46DE8}") = "Solution Items", "Solution Items", "{C276447D-30B7-45E4-8C58-C9211C33EAAD}"
EndProject
Global
	GlobalSection(SolutionConfigurationPlatforms) = preSolution
		Debug|Any CPU = Debug|Any CPU
		Release|Any CPU = Release|Any CPU
	EndGlobalSection
	GlobalSection(ProjectConfigurationPlatforms) = postSolution
		{DD766CB4-196A-4C2F-9FEE-88E92B2BE514}.Debug|Any CPU.ActiveCfg = Debug|Any CPU
		{DD766CB4-196A-4C2F-9FEE-88E92B2BE514}.Debug|Any CPU.Build.0 = Debug|Any CPU
		{DD766CB4-196A-4C2F-9FEE-88E92B2BE514}.Release|Any CPU.ActiveCfg = Release|Any CPU
		{DD766CB4-196A-4C2F-9FEE-88E92B2BE514}.Release|Any CPU.Build.0 = Release|Any CPU
	EndGlobalSection
	GlobalSection(SolutionProperties) = preSolution
		HideSolutionNode = FALSE
	EndGlobalSection
	GlobalSection(ExtensibilityGlobals) = postSolution
		SolutionGuid = {AB12B110-613D-4DF3-B011-4F6786A1398D}
	EndGlobalSection
EndGlobal
